
Microsoft Visual Studio Solution File, Format Version 12.00
# Visual Studio Version 17
VisualStudioVersion = 17.14.36811.4 d17.14
MinimumVisualStudioVersion = 10.0.40219.1
Project("{FAE04EC0-301F-11D3-BF4B-00C04F79EFBC}") = "Boss-Projekt", "Boss-Projekt.csproj", "{62D2A0A4-1836-4734-B358-2165D34087EE}"
EndProject
Global
	GlobalSection(SolutionConfigurationPlatforms) = preSolution
		Debug|Any CPU = Debug|Any CPU
		Release|Any CPU = Release|Any CPU
	EndGlobalSection
	GlobalSection(ProjectConfigurationPlatforms) = postSolution
		{62D2A0A4-1836-4734-B358-2165D34087EE}.Debug|Any CPU.ActiveCfg = Debug|Any CPU
		{62D2A0A4-1836-4734-B358-2165D34087EE}.Debug|Any CPU.Build.0 = Debug|Any CPU
		{62D2A0A4-1836-4734-B358-2165D34087EE}.Release|Any CPU.ActiveCfg = Release|Any CPU
		{62D2A0A4-1836-4734-B358-2165D34087EE}.Release|Any CPU.Build.0 = Release|Any CPU
	EndGlobalSection
	GlobalSection(SolutionProperties) = preSolution
		HideSolutionNode = FALSE
	EndGlobalSection
	GlobalSection(ExtensibilityGlobals) = postSolution
		SolutionGuid = {5B402E77-3952-49A2-9F17-97EC4BF2888E}
	EndGlobalSection
EndGlobal
